
Microsoft Visual Studio Solution File, Format Version 12.00
# Visual Studio Version 17
VisualStudioVersion = 17.6.33723.286
MinimumVisualStudioVersion = 10.0.40219.1
Project("{9A19103F-16F7-4668-BE54-9A1E7A4F7556}") = "Drivers.Api", "Drivers.Api.csproj", "{2D1A35F5-BA56-4CF3-AF36-59CD23A7F6A0}"
EndProject
Global
	GlobalSection(SolutionConfigurationPlatforms) = preSolution
		Debug|Any CPU = Debug|Any CPU
		Release|Any CPU = Release|Any CPU
	EndGlobalSection
	GlobalSection(ProjectConfigurationPlatforms) = postSolution
		{2D1A35F5-BA56-4CF3-AF36-59CD23A7F6A0}.Debug|Any CPU.ActiveCfg = Debug|Any CPU
		{2D1A35F5-BA56-4CF3-AF36-59CD23A7F6A0}.Debug|Any CPU.Build.0 = Debug|Any CPU
		{2D1A35F5-BA56-4CF3-AF36-59CD23A7F6A0}.Release|Any CPU.ActiveCfg = Release|Any CPU
		{2D1A35F5-BA56-4CF3-AF36-59CD23A7F6A0}.Release|Any CPU.Build.0 = Release|Any CPU
	EndGlobalSection
	GlobalSection(SolutionProperties) = preSolution
		HideSolutionNode = FALSE
	EndGlobalSection
	GlobalSection(ExtensibilityGlobals) = postSolution
		SolutionGuid = {D64D086C-1A54-4873-B461-691555AEC8F7}
	EndGlobalSection
EndGlobal
